
Microsoft Visual Studio Solution File, Format Version 12.00
# Visual Studio Version 17
VisualStudioVersion = 17.2.32526.322
MinimumVisualStudioVersion = 10.0.40219.1
Project("{8BC9CEB8-8B4A-11D0-8D11-00A0C91BC942}") = "task_A", "task_A.vcxproj", "{D7AC56C0-B199-48FF-A4CC-0386DE15F40F}"
EndProject
Project("{8BC9CEB8-8B4A-11D0-8D11-00A0C91BC942}") = "task_B", "..\task_B\task_B.vcxproj", "{D6D68F89-91EA-46DA-8A93-B03236E39F19}"
EndProject
Project("{8BC9CEB8-8B4A-11D0-8D11-00A0C91BC942}") = "task_C", "..\task_C\task_C.vcxproj", "{BE05D452-30B6-4930-BB58-99EE4242412B}"
EndProject
Project("{8BC9CEB8-8B4A-11D0-8D11-00A0C91BC942}") = "task_E", "..\task_E\task_E.vcxproj", "{843D75FF-7AE8-400B-BB84-8256654D5142}"
EndProject
Project("{8BC9CEB8-8B4A-11D0-8D11-00A0C91BC942}") = "task_F", "..\task_F\task_F.vcxproj", "{F6D19A9F-B9DE-472F-ADDC-B317095DA199}"
EndProject
Project("{8BC9CEB8-8B4A-11D0-8D11-00A0C91BC942}") = "task_G", "..\task_G\task_G.vcxproj", "{FF9D16BD-1DD6-4E87-AEBA-A21047BD186A}"
EndProject
Project("{8BC9CEB8-8B4A-11D0-8D11-00A0C91BC942}") = "task_H", "..\task_H\task_H.vcxproj", "{487C763B-1D8C-4DAB-BE7A-0450B7D9AB4B}"
EndProject
Project("{8BC9CEB8-8B4A-11D0-8D11-00A0C91BC942}") = "task_I", "..\task_I\task_I.vcxproj", "{73C61C2C-18AF-4007-8CCF-921EDF995C43}"
EndProject
Project("{8BC9CEB8-8B4A-11D0-8D11-00A0C91BC942}") = "task_J", "..\task_J\task_J.vcxproj", "{53879B11-8A1A-4A7F-A842-66EBBCC4BD02}"
EndProject
Project("{8BC9CEB8-8B4A-11D0-8D11-00A0C91BC942}") = "task_K", "..\task_K\task_K.vcxproj", "{6148A3C4-9C76-4BBC-A644-62A27024E902}"
EndProject
Project("{8BC9CEB8-8B4A-11D0-8D11-00A0C91BC942}") = "task_L", "..\task_L\task_L.vcxproj", "{4E4DD833-996E-459A-A086-43E2F8AFE3CA}"
EndProject
Project("{8BC9CEB8-8B4A-11D0-8D11-00A0C91BC942}") = "task_M", "..\task_M\task_M.vcxproj", "{3F460F87-6269-4970-BFA0-A8F7FA813542}"
EndProject
Project("{8BC9CEB8-8B4A-11D0-8D11-00A0C91BC942}") = "task_N", "..\task_N\task_N.vcxproj", "{419E1C94-D5D7-4365-82D5-71C2391B3B45}"
EndProject
Project("{8BC9CEB8-8B4A-11D0-8D11-00A0C91BC942}") = "task_O", "..\task_O\task_O.vcxproj", "{89978CDD-0CBB-4031-A3F3-4C07FAC6B69F}"
EndProject
Project("{8BC9CEB8-8B4A-11D0-8D11-00A0C91BC942}") = "task_P", "..\task_P\task_P.vcxproj", "{F178BE7C-F718-4C68-9E77-5C574DFB14D5}"
EndProject
Project("{8BC9CEB8-8B4A-11D0-8D11-00A0C91BC942}") = "task_D", "..\task_D\task_D.vcxproj", "{F463B1B6-324E-4609-8061-D1DEF328C67E}"
EndProject
Global
	GlobalSection(SolutionConfigurationPlatforms) = preSolution
		Debug|x64 = Debug|x64
		Debug|x86 = Debug|x86
		Release|x64 = Release|x64
		Release|x86 = Release|x86
	EndGlobalSection
	GlobalSection(ProjectConfigurationPlatforms) = postSolution
		{D7AC56C0-B199-48FF-A4CC-0386DE15F40F}.Debug|x64.ActiveCfg = Debug|x64
		{D7AC56C0-B199-48FF-A4CC-0386DE15F40F}.Debug|x64.Build.0 = Debug|x64
		{D7AC56C0-B199-48FF-A4CC-0386DE15F40F}.Debug|x86.ActiveCfg = Debug|Win32
		{D7AC56C0-B199-48FF-A4CC-0386DE15F40F}.Debug|x86.Build.0 = Debug|Win32
		{D7AC56C0-B199-48FF-A4CC-0386DE15F40F}.Release|x64.ActiveCfg = Release|x64
		{D7AC56C0-B199-48FF-A4CC-0386DE15F40F}.Release|x64.Build.0 = Release|x64
		{D7AC56C0-B199-48FF-A4CC-0386DE15F40F}.Release|x86.ActiveCfg = Release|Win32
		{D7AC56C0-B199-48FF-A4CC-0386DE15F40F}.Release|x86.Build.0 = Release|Win32
		{D6D68F89-91EA-46DA-8A93-B03236E39F19}.Debug|x64.ActiveCfg = Debug|x64
		{D6D68F89-91EA-46DA-8A93-B03236E39F19}.Debug|x64.Build.0 = Debug|x64
		{D6D68F89-91EA-46DA-8A93-B03236E39F19}.Debug|x86.ActiveCfg = Debug|Win32
		{D6D68F89-91EA-46DA-8A93-B03236E39F19}.Debug|x86.Build.0 = Debug|Win32
		{D6D68F89-91EA-46DA-8A93-B03236E39F19}.Release|x64.ActiveCfg = Release|x64
		{D6D68F89-91EA-46DA-8A93-B03236E39F19}.Release|x64.Build.0 = Release|x64
		{D6D68F89-91EA-46DA-8A93-B03236E39F19}.Release|x86.ActiveCfg = Release|Win32
		{D6D68F89-91EA-46DA-8A93-B03236E39F19}.Release|x86.Build.0 = Release|Win32
		{BE05D452-30B6-4930-BB58-99EE4242412B}.Debug|x64.ActiveCfg = Debug|x64
		{BE05D452-30B6-4930-BB58-99EE4242412B}.Debug|x64.Build.0 = Debug|x64
		{BE05D452-30B6-4930-BB58-99EE4242412B}.Debug|x86.ActiveCfg = Debug|Win32
		{BE05D452-30B6-4930-BB58-99EE4242412B}.Debug|x86.Build.0 = Debug|Win32
		{BE05D452-30B6-4930-BB58-99EE4242412B}.Release|x64.ActiveCfg = Release|x64
		{BE05D452-30B6-4930-BB58-99EE4242412B}.Release|x64.Build.0 = Release|x64
		{BE05D452-30B6-4930-BB58-99EE4242412B}.Release|x86.ActiveCfg = Release|Win32
		{BE05D452-30B6-4930-BB58-99EE4242412B}.Release|x86.Build.0 = Release|Win32
		{843D75FF-7AE8-400B-BB84-8256654D5142}.Debug|x64.ActiveCfg = Debug|x64
		{843D75FF-7AE8-400B-BB84-8256654D5142}.Debug|x64.Build.0 = Debug|x64
		{843D75FF-7AE8-400B-BB84-8256654D5142}.Debug|x86.ActiveCfg = Debug|Win32
		{843D75FF-7AE8-400B-BB84-8256654D5142}.Debug|x86.Build.0 = Debug|Win32
		{843D75FF-7AE8-400B-BB84-8256654D5142}.Release|x64.ActiveCfg = Release|x64
		{843D75FF-7AE8-400B-BB84-8256654D5142}.Release|x64.Build.0 = Release|x64
		{843D75FF-7AE8-400B-BB84-8256654D5142}.Release|x86.ActiveCfg = Release|Win32
		{843D75FF-7AE8-400B-BB84-8256654D5142}.Release|x86.Build.0 = Release|Win32
		{F6D19A9F-B9DE-472F-ADDC-B317095DA199}.Debug|x64.ActiveCfg = Debug|x64
		{F6D19A9F-B9DE-472F-ADDC-B317095DA199}.Debug|x64.Build.0 = Debug|x64
		{F6D19A9F-B9DE-472F-ADDC-B317095DA199}.Debug|x86.ActiveCfg = Debug|Win32
		{F6D19A9F-B9DE-472F-ADDC-B317095DA199}.Debug|x86.Build.0 = Debug|Win32
		{F6D19A9F-B9DE-472F-ADDC-B317095DA199}.Release|x64.ActiveCfg = Release|x64
		{F6D19A9F-B9DE-472F-ADDC-B317095DA199}.Release|x64.Build.0 = Release|x64
		{F6D19A9F-B9DE-472F-ADDC-B317095DA199}.Release|x86.ActiveCfg = Release|Win32
		{F6D19A9F-B9DE-472F-ADDC-B317095DA199}.Release|x86.Build.0 = Release|Win32
		{FF9D16BD-1DD6-4E87-AEBA-A21047BD186A}.Debug|x64.ActiveCfg = Debug|x64
		{FF9D16BD-1DD6-4E87-AEBA-A21047BD186A}.Debug|x64.Build.0 = Debug|x64
		{FF9D16BD-1DD6-4E87-AEBA-A21047BD186A}.Debug|x86.ActiveCfg = Debug|Win32
		{FF9D16BD-1DD6-4E87-AEBA-A21047BD186A}.Debug|x86.Build.0 = Debug|Win32
		{FF9D16BD-1DD6-4E87-AEBA-A21047BD186A}.Release|x64.ActiveCfg = Release|x64
		{FF9D16BD-1DD6-4E87-AEBA-A21047BD186A}.Release|x64.Build.0 = Release|x64
		{FF9D16BD-1DD6-4E87-AEBA-A21047BD186A}.Release|x86.ActiveCfg = Release|Win32
		{FF9D16BD-1DD6-4E87-AEBA-A21047BD186A}.Release|x86.Build.0 = Release|Win32
		{487C763B-1D8C-4DAB-BE7A-0450B7D9AB4B}.Debug|x64.ActiveCfg = Debug|x64
		{487C763B-1D8C-4DAB-BE7A-0450B7D9AB4B}.Debug|x64.Build.0 = Debug|x64
		{487C763B-1D8C-4DAB-BE7A-0450B7D9AB4B}.Debug|x86.ActiveCfg = Debug|Win32
		{487C763B-1D8C-4DAB-BE7A-0450B7D9AB4B}.Debug|x86.Build.0 = Debug|Win32
		{487C763B-1D8C-4DAB-BE7A-0450B7D9AB4B}.Release|x64.ActiveCfg = Release|x64
		{487C763B-1D8C-4DAB-BE7A-0450B7D9AB4B}.Release|x64.Build.0 = Release|x64
		{487C763B-1D8C-4DAB-BE7A-0450B7D9AB4B}.Release|x86.ActiveCfg = Release|Win32
		{487C763B-1D8C-4DAB-BE7A-0450B7D9AB4B}.Release|x86.Build.0 = Release|Win32
		{73C61C2C-18AF-4007-8CCF-921EDF995C43}.Debug|x64.ActiveCfg = Debug|x64
		{73C61C2C-18AF-4007-8CCF-921EDF995C43}.Debug|x64.Build.0 = Debug|x64
		{73C61C2C-18AF-4007-8CCF-921EDF995C43}.Debug|x86.ActiveCfg = Debug|Win32
		{73C61C2C-18AF-4007-8CCF-921EDF995C43}.Debug|x86.Build.0 = Debug|Win32
		{73C61C2C-18AF-4007-8CCF-921EDF995C43}.Release|x64.ActiveCfg = Release|x64
		{73C61C2C-18AF-4007-8CCF-921EDF995C43}.Release|x64.Build.0 = Release|x64
		{73C61C2C-18AF-4007-8CCF-921EDF995C43}.Release|x86.ActiveCfg = Release|Win32
		{73C61C2C-18AF-4007-8CCF-921EDF995C43}.Release|x86.Build.0 = Release|Win32
		{53879B11-8A1A-4A7F-A842-66EBBCC4BD02}.Debug|x64.ActiveCfg = Debug|x64
		{53879B11-8A1A-4A7F-A842-66EBBCC4BD02}.Debug|x64.Build.0 = Debug|x64
		{53879B11-8A1A-4A7F-A842-66EBBCC4BD02}.Debug|x86.ActiveCfg = Debug|Win32
		{53879B11-8A1A-4A7F-A842-66EBBCC4BD02}.Debug|x86.Build.0 = Debug|Win32
		{53879B11-8A1A-4A7F-A842-66EBBCC4BD02}.Release|x64.ActiveCfg = Release|x64
		{53879B11-8A1A-4A7F-A842-66EBBCC4BD02}.Release|x64.Build.0 = Release|x64
		{53879B11-8A1A-4A7F-A842-66EBBCC4BD02}.Release|x86.ActiveCfg = Release|Win32
		{53879B11-8A1A-4A7F-A842-66EBBCC4BD02}.Release|x86.Build.0 = Release|Win32
		{6148A3C4-9C76-4BBC-A644-62A27024E902}.Debug|x64.ActiveCfg = Debug|x64
		{6148A3C4-9C76-4BBC-A644-62A27024E902}.Debug|x64.Build.0 = Debug|x64
		{6148A3C4-9C76-4BBC-A644-62A27024E902}.Debug|x86.ActiveCfg = Debug|Win32
		{6148A3C4-9C76-4BBC-A644-62A27024E902}.Debug|x86.Build.0 = Debug|Win32
		{6148A3C4-9C76-4BBC-A644-62A27024E902}.Release|x64.ActiveCfg = Release|x64
		{6148A3C4-9C76-4BBC-A644-62A27024E902}.Release|x64.Build.0 = Release|x64
		{6148A3C4-9C76-4BBC-A644-62A27024E902}.Release|x86.ActiveCfg = Release|Win32
		{6148A3C4-9C76-4BBC-A644-62A27024E902}.Release|x86.Build.0 = Release|Win32
		{4E4DD833-996E-459A-A086-43E2F8AFE3CA}.Debug|x64.ActiveCfg = Debug|x64
		{4E4DD833-996E-459A-A086-43E2F8AFE3CA}.Debug|x64.Build.0 = Debug|x64
		{4E4DD833-996E-459A-A086-43E2F8AFE3CA}.Debug|x86.ActiveCfg = Debug|Win32
		{4E4DD833-996E-459A-A086-43E2F8AFE3CA}.Debug|x86.Build.0 = Debug|Win32
		{4E4DD833-996E-459A-A086-43E2F8AFE3CA}.Release|x64.ActiveCfg = Release|x64
		{4E4DD833-996E-459A-A086-43E2F8AFE3CA}.Release|x64.Build.0 = Release|x64
		{4E4DD833-996E-459A-A086-43E2F8AFE3CA}.Release|x86.ActiveCfg = Release|Win32
		{4E4DD833-996E-459A-A086-43E2F8AFE3CA}.Release|x86.Build.0 = Release|Win32
		{3F460F87-6269-4970-BFA0-A8F7FA813542}.Debug|x64.ActiveCfg = Debug|x64
		{3F460F87-6269-4970-BFA0-A8F7FA813542}.Debug|x64.Build.0 = Debug|x64
		{3F460F87-6269-4970-BFA0-A8F7FA813542}.Debug|x86.ActiveCfg = Debug|Win32
		{3F460F87-6269-4970-BFA0-A8F7FA813542}.Debug|x86.Build.0 = Debug|Win32
		{3F460F87-6269-4970-BFA0-A8F7FA813542}.Release|x64.ActiveCfg = Release|x64
		{3F460F87-6269-4970-BFA0-A8F7FA813542}.Release|x64.Build.0 = Release|x64
		{3F460F87-6269-4970-BFA0-A8F7FA813542}.Release|x86.ActiveCfg = Release|Win32
		{3F460F87-6269-4970-BFA0-A8F7FA813542}.Release|x86.Build.0 = Release|Win32
		{419E1C94-D5D7-4365-82D5-71C2391B3B45}.Debug|x64.ActiveCfg = Debug|x64
		{419E1C94-D5D7-4365-82D5-71C2391B3B45}.Debug|x64.Build.0 = Debug|x64
		{419E1C94-D5D7-4365-82D5-71C2391B3B45}.Debug|x86.ActiveCfg = Debug|Win32
		{419E1C94-D5D7-4365-82D5-71C2391B3B45}.Debug|x86.Build.0 = Debug|Win32
		{419E1C94-D5D7-4365-82D5-71C2391B3B45}.Release|x64.ActiveCfg = Release|x64
		{419E1C94-D5D7-4365-82D5-71C2391B3B45}.Release|x64.Build.0 = Release|x64
		{419E1C94-D5D7-4365-82D5-71C2391B3B45}.Release|x86.ActiveCfg = Release|Win32
		{419E1C94-D5D7-4365-82D5-71C2391B3B45}.Release|x86.Build.0 = Release|Win32
		{89978CDD-0CBB-4031-A3F3-4C07FAC6B69F}.Debug|x64.ActiveCfg = Debug|x64
		{89978CDD-0CBB-4031-A3F3-4C07FAC6B69F}.Debug|x64.Build.0 = Debug|x64
		{89978CDD-0CBB-4031-A3F3-4C07FAC6B69F}.Debug|x86.ActiveCfg = Debug|Win32
		{89978CDD-0CBB-4031-A3F3-4C07FAC6B69F}.Debug|x86.Build.0 = Debug|Win32
		{89978CDD-0CBB-4031-A3F3-4C07FAC6B69F}.Release|x64.ActiveCfg = Release|x64
		{89978CDD-0CBB-4031-A3F3-4C07FAC6B69F}.Release|x64.Build.0 = Release|x64
		{89978CDD-0CBB-4031-A3F3-4C07FAC6B69F}.Release|x86.ActiveCfg = Release|Win32
		{89978CDD-0CBB-4031-A3F3-4C07FAC6B69F}.Release|x86.Build.0 = Release|Win32
		{F178BE7C-F718-4C68-9E77-5C574DFB14D5}.Debug|x64.ActiveCfg = Debug|x64
		{F178BE7C-F718-4C68-9E77-5C574DFB14D5}.Debug|x64.Build.0 = Debug|x64
		{F178BE7C-F718-4C68-9E77-5C574DFB14D5}.Debug|x86.ActiveCfg = Debug|Win32
		{F178BE7C-F718-4C68-9E77-5C574DFB14D5}.Debug|x86.Build.0 = Debug|Win32
		{F178BE7C-F718-4C68-9E77-5C574DFB14D5}.Release|x64.ActiveCfg = Release|x64
		{F178BE7C-F718-4C68-9E77-5C574DFB14D5}.Release|x64.Build.0 = Release|x64
		{F178BE7C-F718-4C68-9E77-5C574DFB14D5}.Release|x86.ActiveCfg = Release|Win32
		{F178BE7C-F718-4C68-9E77-5C574DFB14D5}.Release|x86.Build.0 = Release|Win32
		{F463B1B6-324E-4609-8061-D1DEF328C67E}.Debug|x64.ActiveCfg = Debug|x64
		{F463B1B6-324E-4609-8061-D1DEF328C67E}.Debug|x64.Build.0 = Debug|x64
		{F463B1B6-324E-4609-8061-D1DEF328C67E}.Debug|x86.ActiveCfg = Debug|Win32
		{F463B1B6-324E-4609-8061-D1DEF328C67E}.Debug|x86.Build.0 = Debug|Win32
		{F463B1B6-324E-4609-8061-D1DEF328C67E}.Release|x64.ActiveCfg = Release|x64
		{F463B1B6-324E-4609-8061-D1DEF328C67E}.Release|x64.Build.0 = Release|x64
		{F463B1B6-324E-4609-8061-D1DEF328C67E}.Release|x86.ActiveCfg = Release|Win32
		{F463B1B6-324E-4609-8061-D1DEF328C67E}.Release|x86.Build.0 = Release|Win32
	EndGlobalSection
	GlobalSection(SolutionProperties) = preSolution
		HideSolutionNode = FALSE
	EndGlobalSection
	GlobalSection(ExtensibilityGlobals) = postSolution
		SolutionGuid = {0D81092F-C626-446C-A37B-0DDBB228EFE9}
	EndGlobalSection
EndGlobal
